# This file is automatically @generated by Poetry 1.4.0 and should not be changed by hand.

[[package]]
name = "pyserial"
version = "3.5"
description = "Python Serial Port Extension"
category = "main"
optional = false
python-versions = "*"
files = [
    {file = "pyserial-3.5-py2.py3-none-any.whl", hash = "sha256:c4451db6ba391ca6ca299fb3ec7bae67a5c55dde170964c7a14ceefec02f2cf0"},
    {file = "pyserial-3.5.tar.gz", hash = "sha256:3c77e014170dfffbd816e6ffc205e9842efb10be9f58ec16d3e8675b4925cddb"},
]

[package.extras]
cp2110 = ["hidapi"]

[[package]]
name = "tftpy"
version = "0.8.2"
description = "Python TFTP library"
category = "main"
optional = false
python-versions = ">=2.7"
files = [
    {file = "tftpy-0.8.2.tar.gz", hash = "sha256:e1d1a680efd88eba176b351175844253067392a9b0f8b81588e3ff2b9e7bbb5b"},
]

[metadata]
lock-version = "2.0"
python-versions = "^3.6"
content-hash = "4790ef5159650ddd6e8a786adee0581c9350269cb5ef64d4ced7b608d1f9590a"
